
Microsoft Visual Studio Solution File, Format Version 11.00
# Visual Studio 2010
Project("{FAE04EC0-301F-11D3-BF4B-00C04F79EFBC}") = "Navi", "Assembly-CSharp.csproj", "{CFC25078-CA28-93C8-CA17-6569C5466E0A}"
EndProject
Global
	GlobalSection(SolutionConfigurationPlatforms) = preSolution
		Debug|Any CPU = Debug|Any CPU
		Release|Any CPU = Release|Any CPU
	EndGlobalSection
	GlobalSection(ProjectConfigurationPlatforms) = postSolution
		{CFC25078-CA28-93C8-CA17-6569C5466E0A}.Debug|Any CPU.ActiveCfg = Debug|Any CPU
		{CFC25078-CA28-93C8-CA17-6569C5466E0A}.Debug|Any CPU.Build.0 = Debug|Any CPU
		{CFC25078-CA28-93C8-CA17-6569C5466E0A}.Release|Any CPU.ActiveCfg = Release|Any CPU
		{CFC25078-CA28-93C8-CA17-6569C5466E0A}.Release|Any CPU.Build.0 = Release|Any CPU
	EndGlobalSection
	GlobalSection(SolutionProperties) = preSolution
		HideSolutionNode = FALSE
	EndGlobalSection
	GlobalSection(MonoDevelopProperties) = preSolution
		StartupItem = Assembly-CSharp.csproj
	EndGlobalSection
EndGlobal
