
Microsoft Visual Studio Solution File, Format Version 12.00
# Visual Studio 2015
Project("{FAE04EC0-301F-11D3-BF4B-00C04F79EFBC}") = "Navi", "Navi.csproj", "{F8B92148-129E-8A84-943C-84CEF37E2395}"
EndProject
Global
	GlobalSection(SolutionConfigurationPlatforms) = preSolution
		Debug|Any CPU = Debug|Any CPU
		Release|Any CPU = Release|Any CPU
	EndGlobalSection
	GlobalSection(ProjectConfigurationPlatforms) = postSolution
		{F8B92148-129E-8A84-943C-84CEF37E2395}.Debug|Any CPU.ActiveCfg = Debug|Any CPU
		{F8B92148-129E-8A84-943C-84CEF37E2395}.Debug|Any CPU.Build.0 = Debug|Any CPU
		{F8B92148-129E-8A84-943C-84CEF37E2395}.Release|Any CPU.ActiveCfg = Release|Any CPU
		{F8B92148-129E-8A84-943C-84CEF37E2395}.Release|Any CPU.Build.0 = Release|Any CPU
	EndGlobalSection
	GlobalSection(SolutionProperties) = preSolution
		HideSolutionNode = FALSE
	EndGlobalSection
EndGlobal
